{
  "version": 4,
  "terraform_version": "1.0.1",
  "serial": 27,
  "lineage": "1ebd5be6-959c-1773-613b-7eb6781c986f",
  "outputs": {},
  "resources": [
    {
      "mode": "managed",
      "type": "yandex_iam_service_account",
      "name": "docker",
      "provider": "provider[\"registry.terraform.io/yandex-cloud/yandex\"]",
      "instances": [
        {
          "schema_version": 0,
          "attributes": {
            "created_at": "2021-07-05T12:03:45Z",
            "description": "service account to use container registry",
            "folder_id": "b1g5cffckhcu98ddvgpg",
            "id": "aje2vi96s9m8b1d0ml59",
            "name": "docker",
            "timeouts": null
          },
          "sensitive_attributes": [],
          "private": "eyJlMmJmYjczMC1lY2FhLTExZTYtOGY4OC0zNDM2M2JjN2M0YzAiOnsiY3JlYXRlIjo2MDAwMDAwMDAwMCwiZGVsZXRlIjo2MDAwMDAwMDAwMCwidXBkYXRlIjo2MDAwMDAwMDAwMH19"
        }
      ]
    },
    {
      "mode": "managed",
      "type": "yandex_iam_service_account",
      "name": "instances",
      "provider": "provider[\"registry.terraform.io/yandex-cloud/yandex\"]",
      "instances": [
        {
          "schema_version": 0,
          "attributes": {
            "created_at": "2021-07-05T12:03:46Z",
            "description": "service account to manage VMs",
            "folder_id": "b1g5cffckhcu98ddvgpg",
            "id": "aje0s2nj2hvrh0cq2p1r",
            "name": "instances",
            "timeouts": null
          },
          "sensitive_attributes": [],
          "private": "eyJlMmJmYjczMC1lY2FhLTExZTYtOGY4OC0zNDM2M2JjN2M0YzAiOnsiY3JlYXRlIjo2MDAwMDAwMDAwMCwiZGVsZXRlIjo2MDAwMDAwMDAwMCwidXBkYXRlIjo2MDAwMDAwMDAwMH19"
        }
      ]
    },
    {
      "mode": "managed",
      "type": "yandex_kubernetes_cluster",
      "name": "kub-test",
      "provider": "provider[\"registry.terraform.io/yandex-cloud/yandex\"]",
      "instances": [
        {
          "schema_version": 0,
          "attributes": {
            "cluster_ipv4_range": "10.112.0.0/16",
            "cluster_ipv6_range": "",
            "created_at": "2021-07-05T12:04:58Z",
            "description": "",
            "folder_id": "b1g5cffckhcu98ddvgpg",
            "health": "healthy",
            "id": "cat0cp8qtlk22ueq19so",
            "kms_provider": [],
            "labels": {},
            "log_group_id": "ckgama3lhsnvm380vfqr",
            "master": [
              {
                "cluster_ca_certificate": "-----BEGIN CERTIFICATE-----\nMIIC5zCCAc+gAwIBAgIBADANBgkqhkiG9w0BAQsFADAVMRMwEQYDVQQDEwprdWJl\ncm5ldGVzMB4XDTIxMDcwNTEyMDQ1OVoXDTMxMDcwMzEyMDQ1OVowFTETMBEGA1UE\nAxMKa3ViZXJuZXRlczCCASIwDQYJKoZIhvcNAQEBBQADggEPADCCAQoCggEBAK5b\nq6LTqYcjYTT0DPk2764K2hH+pE0NC1Y/ZBXHAV2NQngYpjKxnYirbOFjH0pBCT+J\nFatXVt8qqz3l5S6qqCFWZUZtqsY+l/ZqNSRvw6uja4PahB1PrkS0cMx+piRZZvMm\nBPFORwti02Xq+U+/12NJt/RFucKDvtmzkCCtwWh73oICsdeo1HeXh7GcbdbPYpP4\n5OZhceFjvRiTZcqE+MZxjjY6P4sNsd3P1sZ2M/ZpTFOOVzzl+jn3hHCgMp0BQl6W\nOCCj+DxYbxtFaQjulmQQdC0zyCeLOoTnYbcNbl6nMgCcxckiPqhuLGZI2oTpnNm+\nudWC63E/ZR09X1rf8bMCAwEAAaNCMEAwDgYDVR0PAQH/BAQDAgKkMA8GA1UdEwEB\n/wQFMAMBAf8wHQYDVR0OBBYEFPkrJdTZm5gxaFcqK4LQ7+kyEd+pMA0GCSqGSIb3\nDQEBCwUAA4IBAQBLPEMenpOPc/sJV3ox7WmQuQOU72ph5PfIBu9deYSH+4phFuXm\niSjXRWKj6lpGfnLK6uax3oVNfy0kl6N2MvurHZMO1us+cT9bDKB6woCbTkmZVI0B\ntRarWJcTVZk00dBwUApQ/nAEgJ1u8QrcZ/IvV8KdnbWjxVriLWvUMdkAqrzH64GM\nydTH8nmlQVnD6Go8GLSHNWU1KedJlM/QxEzXmhPB/rMH5gt8qJ1XI3tCZGqZqD3P\nqT0U9Pql2dtQgR59bBcS1faE4txI9e9RFbB3WTXrq+uwU3CoHd8O29moINGFw3Gn\naUMNmznlqF1I1zB69kZrtzppnDQuYZadXSsr\n-----END CERTIFICATE-----\n",
                "external_v4_address": "217.28.237.56",
                "external_v4_endpoint": "https://217.28.237.56",
                "internal_v4_address": "10.200.0.22",
                "internal_v4_endpoint": "https://10.200.0.22",
                "maintenance_policy": [
                  {
                    "auto_upgrade": true,
                    "maintenance_window": []
                  }
                ],
                "public_ip": true,
                "regional": [],
                "security_group_ids": [],
                "version": "1.19",
                "version_info": [
                  {
                    "current_version": "1.19",
                    "new_revision_available": false,
                    "new_revision_summary": "",
                    "version_deprecated": false
                  }
                ],
                "zonal": [
                  {
                    "subnet_id": "e9bngsdaot7uof9fig0g",
                    "zone": "ru-central1-a"
                  }
                ]
              }
            ],
            "name": "kub-test",
            "network_id": "enp0t0jhrsgpqsmes0ap",
            "network_implementation": [],
            "network_policy_provider": "CALICO",
            "node_ipv4_cidr_mask_size": 24,
            "node_service_account_id": "aje2vi96s9m8b1d0ml59",
            "release_channel": "RAPID",
            "service_account_id": "aje0s2nj2hvrh0cq2p1r",
            "service_ipv4_range": "10.96.0.0/16",
            "service_ipv6_range": "",
            "status": "running",
            "timeouts": null
          },
          "sensitive_attributes": [],
          "private": "eyJlMmJmYjczMC1lY2FhLTExZTYtOGY4OC0zNDM2M2JjN2M0YzAiOnsiY3JlYXRlIjoxODAwMDAwMDAwMDAwLCJkZWxldGUiOjEyMDAwMDAwMDAwMDAsInJlYWQiOjMwMDAwMDAwMDAwMCwidXBkYXRlIjoxODAwMDAwMDAwMDAwfX0=",
          "dependencies": [
            "yandex_iam_service_account.docker",
            "yandex_iam_service_account.instances",
            "yandex_vpc_network.internal",
            "yandex_vpc_subnet.internal-a"
          ]
        }
      ]
    },
    {
      "mode": "managed",
      "type": "yandex_resourcemanager_folder_iam_binding",
      "name": "editor",
      "provider": "provider[\"registry.terraform.io/yandex-cloud/yandex\"]",
      "instances": [
        {
          "schema_version": 0,
          "attributes": {
            "folder_id": "b1g5cffckhcu98ddvgpg",
            "id": "b1g5cffckhcu98ddvgpg/editor",
            "members": [
              "serviceAccount:aje0s2nj2hvrh0cq2p1r"
            ],
            "role": "editor",
            "sleep_after": null
          },
          "sensitive_attributes": [],
          "private": "bnVsbA==",
          "dependencies": [
            "yandex_iam_service_account.instances"
          ]
        }
      ]
    },
    {
      "mode": "managed",
      "type": "yandex_resourcemanager_folder_iam_binding",
      "name": "pusher",
      "provider": "provider[\"registry.terraform.io/yandex-cloud/yandex\"]",
      "instances": [
        {
          "schema_version": 0,
          "attributes": {
            "folder_id": "b1g5cffckhcu98ddvgpg",
            "id": "b1g5cffckhcu98ddvgpg/container-registry.images.pusher",
            "members": [
              "serviceAccount:aje2vi96s9m8b1d0ml59"
            ],
            "role": "container-registry.images.pusher",
            "sleep_after": null
          },
          "sensitive_attributes": [],
          "private": "bnVsbA==",
          "dependencies": [
            "yandex_iam_service_account.docker"
          ]
        }
      ]
    },
    {
      "mode": "managed",
      "type": "yandex_vpc_network",
      "name": "internal",
      "provider": "provider[\"registry.terraform.io/yandex-cloud/yandex\"]",
      "instances": [
        {
          "schema_version": 0,
          "attributes": {
            "created_at": "2021-07-05T12:01:03Z",
            "default_security_group_id": "",
            "description": "",
            "folder_id": "b1g5cffckhcu98ddvgpg",
            "id": "enp0t0jhrsgpqsmes0ap",
            "labels": {},
            "name": "internal",
            "subnet_ids": [
              "b0ct6bv0qt2pu0bu2b5q",
              "e2le7pm69j1j45s23h9e",
              "e9bngsdaot7uof9fig0g",
              "e9bo406jlqjpoeugklsa",
              "e9bp5r7lpkqq94clhr1b"
            ],
            "timeouts": null
          },
          "sensitive_attributes": [],
          "private": "eyJlMmJmYjczMC1lY2FhLTExZTYtOGY4OC0zNDM2M2JjN2M0YzAiOnsiY3JlYXRlIjo2MDAwMDAwMDAwMCwiZGVsZXRlIjo2MDAwMDAwMDAwMCwidXBkYXRlIjo2MDAwMDAwMDAwMH19"
        }
      ]
    },
    {
      "mode": "managed",
      "type": "yandex_vpc_subnet",
      "name": "internal-a",
      "provider": "provider[\"registry.terraform.io/yandex-cloud/yandex\"]",
      "instances": [
        {
          "schema_version": 0,
          "attributes": {
            "created_at": "2021-07-05T12:01:04Z",
            "description": "",
            "dhcp_options": [],
            "folder_id": "b1g5cffckhcu98ddvgpg",
            "id": "e9bngsdaot7uof9fig0g",
            "labels": {},
            "name": "internal-a",
            "network_id": "enp0t0jhrsgpqsmes0ap",
            "route_table_id": "",
            "timeouts": null,
            "v4_cidr_blocks": [
              "10.200.0.0/16"
            ],
            "v6_cidr_blocks": [],
            "zone": "ru-central1-a"
          },
          "sensitive_attributes": [],
          "private": "eyJlMmJmYjczMC1lY2FhLTExZTYtOGY4OC0zNDM2M2JjN2M0YzAiOnsiY3JlYXRlIjoxODAwMDAwMDAwMDAsImRlbGV0ZSI6MTgwMDAwMDAwMDAwLCJ1cGRhdGUiOjE4MDAwMDAwMDAwMH19",
          "dependencies": [
            "yandex_vpc_network.internal"
          ]
        }
      ]
    },
    {
      "mode": "managed",
      "type": "yandex_vpc_subnet",
      "name": "internal-b",
      "provider": "provider[\"registry.terraform.io/yandex-cloud/yandex\"]",
      "instances": [
        {
          "schema_version": 0,
          "attributes": {
            "created_at": "2021-07-05T12:01:05Z",
            "description": "",
            "dhcp_options": [],
            "folder_id": "b1g5cffckhcu98ddvgpg",
            "id": "e2le7pm69j1j45s23h9e",
            "labels": {},
            "name": "internal-b",
            "network_id": "enp0t0jhrsgpqsmes0ap",
            "route_table_id": "",
            "timeouts": null,
            "v4_cidr_blocks": [
              "10.201.0.0/16"
            ],
            "v6_cidr_blocks": [],
            "zone": "ru-central1-b"
          },
          "sensitive_attributes": [],
          "private": "eyJlMmJmYjczMC1lY2FhLTExZTYtOGY4OC0zNDM2M2JjN2M0YzAiOnsiY3JlYXRlIjoxODAwMDAwMDAwMDAsImRlbGV0ZSI6MTgwMDAwMDAwMDAwLCJ1cGRhdGUiOjE4MDAwMDAwMDAwMH19",
          "dependencies": [
            "yandex_vpc_network.internal"
          ]
        }
      ]
    },
    {
      "mode": "managed",
      "type": "yandex_vpc_subnet",
      "name": "internal-c",
      "provider": "provider[\"registry.terraform.io/yandex-cloud/yandex\"]",
      "instances": [
        {
          "schema_version": 0,
          "attributes": {
            "created_at": "2021-07-05T12:01:05Z",
            "description": "",
            "dhcp_options": [],
            "folder_id": "b1g5cffckhcu98ddvgpg",
            "id": "b0ct6bv0qt2pu0bu2b5q",
            "labels": {},
            "name": "internal-c",
            "network_id": "enp0t0jhrsgpqsmes0ap",
            "route_table_id": "",
            "timeouts": null,
            "v4_cidr_blocks": [
              "10.202.0.0/16"
            ],
            "v6_cidr_blocks": [],
            "zone": "ru-central1-c"
          },
          "sensitive_attributes": [],
          "private": "eyJlMmJmYjczMC1lY2FhLTExZTYtOGY4OC0zNDM2M2JjN2M0YzAiOnsiY3JlYXRlIjoxODAwMDAwMDAwMDAsImRlbGV0ZSI6MTgwMDAwMDAwMDAwLCJ1cGRhdGUiOjE4MDAwMDAwMDAwMH19",
          "dependencies": [
            "yandex_vpc_network.internal"
          ]
        }
      ]
    }
  ]
}
